{
  "name": "pdf.jssample07",
  "version": "1.0.0",
  "lockfileVersion": 2,
  "requires": true,
  "packages": {
    "": {
      "name": "pdf.jssample07",
      "version": "1.0.0",
      "license": "ISC",
      "devDependencies": {
        "es-module-shims": "^1.4.7"
      }
    },
    "node_modules/es-module-shims": {
      "version": "1.4.7",
      "resolved": "https://registry.npmjs.org/es-module-shims/-/es-module-shims-1.4.7.tgz",
      "integrity": "sha512-qYSDOnqPKoBoMGlpY8kQj1v3mVPpTfcob9a2xIIFoNgRlaVuI59yFODKkYrJ3nkz3z7d4dGpiUMRxes8jgiNRQ==",
      "dev": true
    }
  },
  "dependencies": {
    "es-module-shims": {
      "version": "1.4.7",
      "resolved": "https://registry.npmjs.org/es-module-shims/-/es-module-shims-1.4.7.tgz",
      "integrity": "sha512-qYSDOnqPKoBoMGlpY8kQj1v3mVPpTfcob9a2xIIFoNgRlaVuI59yFODKkYrJ3nkz3z7d4dGpiUMRxes8jgiNRQ==",
      "dev": true
    }
  }
}
